
Microsoft Visual Studio Solution File, Format Version 12.00
# Visual Studio 15
VisualStudioVersion = 15.0.27428.2002
MinimumVisualStudioVersion = 10.0.40219.1
Project("{FAE04EC0-301F-11D3-BF4B-00C04F79EFBC}") = "DevilDaggersSurvivalEditor", "DevilDaggersSurvivalEditor\DevilDaggersSurvivalEditor.csproj", "{1F1E41AC-3DB2-4C00-B68D-692421DAE241}"
EndProject
Global
	GlobalSection(SolutionConfigurationPlatforms) = preSolution
		Debug|Any CPU = Debug|Any CPU
		Release|Any CPU = Release|Any CPU
	EndGlobalSection
	GlobalSection(ProjectConfigurationPlatforms) = postSolution
		{1F1E41AC-3DB2-4C00-B68D-692421DAE241}.Debug|Any CPU.ActiveCfg = Debug|Any CPU
		{1F1E41AC-3DB2-4C00-B68D-692421DAE241}.Debug|Any CPU.Build.0 = Debug|Any CPU
		{1F1E41AC-3DB2-4C00-B68D-692421DAE241}.Release|Any CPU.ActiveCfg = Release|Any CPU
		{1F1E41AC-3DB2-4C00-B68D-692421DAE241}.Release|Any CPU.Build.0 = Release|Any CPU
	EndGlobalSection
	GlobalSection(SolutionProperties) = preSolution
		HideSolutionNode = FALSE
	EndGlobalSection
	GlobalSection(ExtensibilityGlobals) = postSolution
		SolutionGuid = {E48D29D9-9C75-4046-AF85-84FA49B5C1EA}
	EndGlobalSection
EndGlobal
