Microsoft Visual Studio Solution File, Format Version 12.00
# Visual Studio Version 17
VisualStudioVersion = 17.0.31912.275
MinimumVisualStudioVersion = 10.0.40219.1
Project("{9A19103F-16F7-4668-BE54-9A1E7A4F7556}") = "DevilDaggersSurvivalEditor", "DevilDaggersSurvivalEditor\DevilDaggersSurvivalEditor.csproj", "{1F1E41AC-3DB2-4C00-B68D-692421DAE241}"
EndProject
Project("{2150E333-8FDC-42A3-9474-1A3956D46DE8}") = "Solution Items", "Solution Items", "{99F422C3-19FB-4F7D-867E-33BDB074D31D}"
	ProjectSection(SolutionItems) = preProject
		.editorconfig = .editorconfig
		.gitattributes = .gitattributes
		.gitignore = .gitignore
		DOCUMENTATION.md = DOCUMENTATION.md
		README.md = README.md
	EndProjectSection
EndProject
Project("{9A19103F-16F7-4668-BE54-9A1E7A4F7556}") = "DevilDaggersSurvivalEditor.Tests", "DevilDaggersSurvivalEditor.Tests\DevilDaggersSurvivalEditor.Tests.csproj", "{7EF78662-68F8-4255-98C3-A8399C3003FE}"
EndProject
Project("{9A19103F-16F7-4668-BE54-9A1E7A4F7556}") = "DevilDaggersInfo.Core.Spawnset", "..\DevilDaggersInfo\DevilDaggersInfo.Core.Spawnset\DevilDaggersInfo.Core.Spawnset.csproj", "{595E3549-ACED-4600-9358-96F28F39F0A5}"
EndProject
Global
	GlobalSection(SolutionConfigurationPlatforms) = preSolution
		Debug|Any CPU = Debug|Any CPU
		Debug|x64 = Debug|x64
		Release|Any CPU = Release|Any CPU
		Release|x64 = Release|x64
	EndGlobalSection
	GlobalSection(ProjectConfigurationPlatforms) = postSolution
		{1F1E41AC-3DB2-4C00-B68D-692421DAE241}.Debug|Any CPU.ActiveCfg = Debug|x64
		{1F1E41AC-3DB2-4C00-B68D-692421DAE241}.Debug|Any CPU.Build.0 = Debug|x64
		{1F1E41AC-3DB2-4C00-B68D-692421DAE241}.Debug|x64.ActiveCfg = Debug|x64
		{1F1E41AC-3DB2-4C00-B68D-692421DAE241}.Debug|x64.Build.0 = Debug|x64
		{1F1E41AC-3DB2-4C00-B68D-692421DAE241}.Release|Any CPU.ActiveCfg = Release|x64
		{1F1E41AC-3DB2-4C00-B68D-692421DAE241}.Release|Any CPU.Build.0 = Release|x64
		{1F1E41AC-3DB2-4C00-B68D-692421DAE241}.Release|x64.ActiveCfg = Release|x64
		{1F1E41AC-3DB2-4C00-B68D-692421DAE241}.Release|x64.Build.0 = Release|x64
		{7EF78662-68F8-4255-98C3-A8399C3003FE}.Debug|Any CPU.ActiveCfg = Debug|Any CPU
		{7EF78662-68F8-4255-98C3-A8399C3003FE}.Debug|Any CPU.Build.0 = Debug|Any CPU
		{7EF78662-68F8-4255-98C3-A8399C3003FE}.Debug|x64.ActiveCfg = Debug|Any CPU
		{7EF78662-68F8-4255-98C3-A8399C3003FE}.Debug|x64.Build.0 = Debug|Any CPU
		{7EF78662-68F8-4255-98C3-A8399C3003FE}.Release|Any CPU.ActiveCfg = Release|Any CPU
		{7EF78662-68F8-4255-98C3-A8399C3003FE}.Release|Any CPU.Build.0 = Release|Any CPU
		{7EF78662-68F8-4255-98C3-A8399C3003FE}.Release|x64.ActiveCfg = Release|Any CPU
		{7EF78662-68F8-4255-98C3-A8399C3003FE}.Release|x64.Build.0 = Release|Any CPU
		{595E3549-ACED-4600-9358-96F28F39F0A5}.Debug|Any CPU.ActiveCfg = Debug|Any CPU
		{595E3549-ACED-4600-9358-96F28F39F0A5}.Debug|Any CPU.Build.0 = Debug|Any CPU
		{595E3549-ACED-4600-9358-96F28F39F0A5}.Debug|x64.ActiveCfg = Debug|Any CPU
		{595E3549-ACED-4600-9358-96F28F39F0A5}.Debug|x64.Build.0 = Debug|Any CPU
		{595E3549-ACED-4600-9358-96F28F39F0A5}.Release|Any CPU.ActiveCfg = Release|Any CPU
		{595E3549-ACED-4600-9358-96F28F39F0A5}.Release|Any CPU.Build.0 = Release|Any CPU
		{595E3549-ACED-4600-9358-96F28F39F0A5}.Release|x64.ActiveCfg = Release|Any CPU
		{595E3549-ACED-4600-9358-96F28F39F0A5}.Release|x64.Build.0 = Release|Any CPU
	EndGlobalSection
	GlobalSection(SolutionProperties) = preSolution
		HideSolutionNode = FALSE
	EndGlobalSection
	GlobalSection(ExtensibilityGlobals) = postSolution
		SolutionGuid = {E48D29D9-9C75-4046-AF85-84FA49B5C1EA}
	EndGlobalSection
EndGlobal
